
Microsoft Visual Studio Solution File, Format Version 12.00
# Visual Studio Version 17
VisualStudioVersion = 17.8.34212.112
MinimumVisualStudioVersion = 10.0.40219.1
Project("{FAE04EC0-301F-11D3-BF4B-00C04F79EFBC}") = "AuthFlowMaui", "AuthFlowMaui\AuthFlowMaui.csproj", "{E7108376-A74A-4E97-AF2C-1D4C563DFA3D}"
EndProject
Global
	GlobalSection(SolutionConfigurationPlatforms) = preSolution
		Debug|Any CPU = Debug|Any CPU
		Release|Any CPU = Release|Any CPU
	EndGlobalSection
	GlobalSection(ProjectConfigurationPlatforms) = postSolution
		{E7108376-A74A-4E97-AF2C-1D4C563DFA3D}.Debug|Any CPU.ActiveCfg = Debug|Any CPU
		{E7108376-A74A-4E97-AF2C-1D4C563DFA3D}.Debug|Any CPU.Build.0 = Debug|Any CPU
		{E7108376-A74A-4E97-AF2C-1D4C563DFA3D}.Debug|Any CPU.Deploy.0 = Debug|Any CPU
		{E7108376-A74A-4E97-AF2C-1D4C563DFA3D}.Release|Any CPU.ActiveCfg = Release|Any CPU
		{E7108376-A74A-4E97-AF2C-1D4C563DFA3D}.Release|Any CPU.Build.0 = Release|Any CPU
		{E7108376-A74A-4E97-AF2C-1D4C563DFA3D}.Release|Any CPU.Deploy.0 = Release|Any CPU
	EndGlobalSection
	GlobalSection(SolutionProperties) = preSolution
		HideSolutionNode = FALSE
	EndGlobalSection
	GlobalSection(ExtensibilityGlobals) = postSolution
		SolutionGuid = {F0702D80-0A66-414A-BDBF-47659984766D}
	EndGlobalSection
EndGlobal
